<?xml version="1.0" encoding="utf-8"?>
<Project ToolsVersion="4.0" xmlns="http://schemas.microsoft.com/developer/msbuild/2003">
  <ItemGroup>
    <Filter Include="Source Files">
      <UniqueIdentifier>{4FC737F1-C7A5-4376-A066-2A32D752A2FF}</UniqueIdentifier>
      <Extensions>cpp;c;cc;cxx;def;odl;idl;hpj;bat;asm;asmx</Extensions>
    </Filter>
    <Filter Include="Header Files">
      <UniqueIdentifier>{93995380-89BD-4b04-88EB-625FBE52EBFB}</UniqueIdentifier>
      <Extensions>h;hh;hpp;hxx;hm;inl;inc;xsd</Extensions>
    </Filter>
    <Filter Include="Resource Files">
      <UniqueIdentifier>{67DA6AB6-F800-4c08-8B7A-83BB121AAD01}</UniqueIdentifier>
      <Extensions>rc;ico;cur;bmp;dlg;rc2;rct;bin;rgs;gif;jpg;jpeg;jpe;resx;tiff;tif;png;wav;mfcribbon-ms</Extensions>
    </Filter>
    <Filter Include="Header Files\Lib">
      <UniqueIdentifier>{761acc7d-c110-4b55-8ec3-ebe2ef2bfafa}</UniqueIdentifier>
    </Filter>
    <Filter Include="Header Files\Logic">
      <UniqueIdentifier>{1bed6e1e-8d90-4012-8c15-a36da75d598f}</UniqueIdentifier>
    </Filter>
    <Filter Include="Header Files\Model">
      <UniqueIdentifier>{80020ec7-d7fe-4d48-b3fa-c781af6d9a2b}</UniqueIdentifier>
    </Filter>
    <Filter Include="Source Files\Lib">
      <UniqueIdentifier>{e678eea1-8939-48b9-85fa-c2de71f708e0}</UniqueIdentifier>
    </Filter>
    <Filter Include="Source Files\Logic">
      <UniqueIdentifier>{ab8e9728-f460-4ca9-bd9a-599922835fea}</UniqueIdentifier>
    </Filter>
    <Filter Include="Source Files\Logic\Query">
      <UniqueIdentifier>{77e7dd9f-c870-4451-8850-257348c6fc07}</UniqueIdentifier>
    </Filter>
    <Filter Include="Source Files\Logic\Response">
      <UniqueIdentifier>{52c69392-17d7-4bc2-8214-30cd9d92a45e}</UniqueIdentifier>
    </Filter>
  </ItemGroup>
  <ItemGroup>
    <ClInclude Include="stdafx.h">
      <Filter>Header Files</Filter>
    </ClInclude>
    <ClInclude Include="targetver.h">
      <Filter>Header Files</Filter>
    </ClInclude>
    <ClInclude Include="DNSForge.h">
      <Filter>Header Files</Filter>
    </ClInclude>
    <ClInclude Include="DNSStructs.h">
      <Filter>Header Files\Lib</Filter>
    </ClInclude>
    <ClInclude Include="Helper.h">
      <Filter>Header Files\Lib</Filter>
    </ClInclude>
    <ClInclude Include="DNS.h">
      <Filter>Header Files\Model</Filter>
    </ClInclude>
  </ItemGroup>
  <ItemGroup>
    <ClCompile Include="stdafx.cpp">
      <Filter>Source Files</Filter>
    </ClCompile>
    <ClCompile Include="dllmain.cpp">
      <Filter>Source Files</Filter>
    </ClCompile>
    <ClCompile Include="Helper.cpp">
      <Filter>Source Files\Lib</Filter>
    </ClCompile>
    <ClCompile Include="DNSPacketForge.cpp">
      <Filter>Source Files\Lib</Filter>
    </ClCompile>
    <ClCompile Include="CreateDnsQueryPacket.cpp">
      <Filter>Source Files\Logic\Query</Filter>
    </ClCompile>
    <ClCompile Include="CreateDnsResponse_A.cpp">
      <Filter>Source Files\Logic\Response</Filter>
    </ClCompile>
    <ClCompile Include="CreateDnsResponse_CNAME.cpp">
      <Filter>Source Files\Logic\Response</Filter>
    </ClCompile>
    <ClCompile Include="DumpResponsePacket.cpp">
      <Filter>Source Files\Logic\Query</Filter>
    </ClCompile>
  </ItemGroup>
</Project>